
Microsoft Visual Studio Solution File, Format Version 12.00
# Visual Studio Version 17
VisualStudioVersion = 17.1.32414.318
MinimumVisualStudioVersion = 10.0.40219.1
Project("{FAE04EC0-301F-11D3-BF4B-00C04F79EFBC}") = "Ejercicio74", "Ejercicio74\Ejercicio74.csproj", "{7701E565-1433-4D4E-BC96-76FEC296795F}"
EndProject
Global
	GlobalSection(SolutionConfigurationPlatforms) = preSolution
		Debug|Any CPU = Debug|Any CPU
		Release|Any CPU = Release|Any CPU
	EndGlobalSection
	GlobalSection(ProjectConfigurationPlatforms) = postSolution
		{7701E565-1433-4D4E-BC96-76FEC296795F}.Debug|Any CPU.ActiveCfg = Debug|Any CPU
		{7701E565-1433-4D4E-BC96-76FEC296795F}.Debug|Any CPU.Build.0 = Debug|Any CPU
		{7701E565-1433-4D4E-BC96-76FEC296795F}.Release|Any CPU.ActiveCfg = Release|Any CPU
		{7701E565-1433-4D4E-BC96-76FEC296795F}.Release|Any CPU.Build.0 = Release|Any CPU
	EndGlobalSection
	GlobalSection(SolutionProperties) = preSolution
		HideSolutionNode = FALSE
	EndGlobalSection
	GlobalSection(ExtensibilityGlobals) = postSolution
		SolutionGuid = {166A9412-2F7B-4FB2-8D7D-D0C9F4279DD7}
	EndGlobalSection
EndGlobal
